
Microsoft Visual Studio Solution File, Format Version 12.00
# Visual Studio Version 17
VisualStudioVersion = 17.8.34525.116
MinimumVisualStudioVersion = 10.0.40219.1
Project("{FAE04EC0-301F-11D3-BF4B-00C04F79EFBC}") = "Lab10_Library", "Lab10_Library.csproj", "{9FAAC7A7-4C6F-4D7A-8F0F-F7BF01563F70}"
EndProject
Project("{FAE04EC0-301F-11D3-BF4B-00C04F79EFBC}") = "Lab11", "..\Lab11\Lab11.csproj", "{61536B2E-B26A-45FB-B870-2064FECE64D7}"
EndProject
Global
	GlobalSection(SolutionConfigurationPlatforms) = preSolution
		Debug|Any CPU = Debug|Any CPU
		Release|Any CPU = Release|Any CPU
	EndGlobalSection
	GlobalSection(ProjectConfigurationPlatforms) = postSolution
		{9FAAC7A7-4C6F-4D7A-8F0F-F7BF01563F70}.Debug|Any CPU.ActiveCfg = Debug|Any CPU
		{9FAAC7A7-4C6F-4D7A-8F0F-F7BF01563F70}.Debug|Any CPU.Build.0 = Debug|Any CPU
		{9FAAC7A7-4C6F-4D7A-8F0F-F7BF01563F70}.Release|Any CPU.ActiveCfg = Release|Any CPU
		{9FAAC7A7-4C6F-4D7A-8F0F-F7BF01563F70}.Release|Any CPU.Build.0 = Release|Any CPU
		{61536B2E-B26A-45FB-B870-2064FECE64D7}.Debug|Any CPU.ActiveCfg = Debug|Any CPU
		{61536B2E-B26A-45FB-B870-2064FECE64D7}.Debug|Any CPU.Build.0 = Debug|Any CPU
		{61536B2E-B26A-45FB-B870-2064FECE64D7}.Release|Any CPU.ActiveCfg = Release|Any CPU
		{61536B2E-B26A-45FB-B870-2064FECE64D7}.Release|Any CPU.Build.0 = Release|Any CPU
	EndGlobalSection
	GlobalSection(SolutionProperties) = preSolution
		HideSolutionNode = FALSE
	EndGlobalSection
	GlobalSection(ExtensibilityGlobals) = postSolution
		SolutionGuid = {D6998C87-49BE-4604-98AE-DC709BC5EAE4}
	EndGlobalSection
EndGlobal
